
Microsoft Visual Studio Solution File, Format Version 12.00
# Visual Studio 15
VisualStudioVersion = 15.0.28307.645
MinimumVisualStudioVersion = 10.0.40219.1
Project("{FAE04EC0-301F-11D3-BF4B-00C04F79EFBC}") = "assign01", "assign01\assign01.csproj", "{0849A51B-17AA-4A50-9B6E-796BC74FD6B2}"
EndProject
Global
	GlobalSection(SolutionConfigurationPlatforms) = preSolution
		Debug|Any CPU = Debug|Any CPU
		Release|Any CPU = Release|Any CPU
	EndGlobalSection
	GlobalSection(ProjectConfigurationPlatforms) = postSolution
		{0849A51B-17AA-4A50-9B6E-796BC74FD6B2}.Debug|Any CPU.ActiveCfg = Debug|Any CPU
		{0849A51B-17AA-4A50-9B6E-796BC74FD6B2}.Debug|Any CPU.Build.0 = Debug|Any CPU
		{0849A51B-17AA-4A50-9B6E-796BC74FD6B2}.Release|Any CPU.ActiveCfg = Release|Any CPU
		{0849A51B-17AA-4A50-9B6E-796BC74FD6B2}.Release|Any CPU.Build.0 = Release|Any CPU
	EndGlobalSection
	GlobalSection(SolutionProperties) = preSolution
		HideSolutionNode = FALSE
	EndGlobalSection
	GlobalSection(ExtensibilityGlobals) = postSolution
		SolutionGuid = {A010B975-1045-4DBC-A2C8-8C68C1CF4BB9}
	EndGlobalSection
EndGlobal
